
Microsoft Visual Studio Solution File, Format Version 12.00
# Visual Studio Version 17
VisualStudioVersion = 17.2.32519.379
MinimumVisualStudioVersion = 10.0.40219.1
Project("{FAE04EC0-301F-11D3-BF4B-00C04F79EFBC}") = "RealityFirst", "RealityFirst\RealityFirst.csproj", "{44F6BCF8-3FBA-4925-9497-1953AE00056C}"
EndProject
Global
	GlobalSection(SolutionConfigurationPlatforms) = preSolution
		Debug|Any CPU = Debug|Any CPU
		Release|Any CPU = Release|Any CPU
	EndGlobalSection
	GlobalSection(ProjectConfigurationPlatforms) = postSolution
		{44F6BCF8-3FBA-4925-9497-1953AE00056C}.Debug|Any CPU.ActiveCfg = Debug|Any CPU
		{44F6BCF8-3FBA-4925-9497-1953AE00056C}.Debug|Any CPU.Build.0 = Debug|Any CPU
		{44F6BCF8-3FBA-4925-9497-1953AE00056C}.Release|Any CPU.ActiveCfg = Release|Any CPU
		{44F6BCF8-3FBA-4925-9497-1953AE00056C}.Release|Any CPU.Build.0 = Release|Any CPU
	EndGlobalSection
	GlobalSection(SolutionProperties) = preSolution
		HideSolutionNode = FALSE
	EndGlobalSection
	GlobalSection(ExtensibilityGlobals) = postSolution
		SolutionGuid = {5466B92B-66FE-42D5-8DDD-B6394F96CA58}
	EndGlobalSection
EndGlobal
